
Microsoft Visual Studio Solution File, Format Version 12.00
# Visual Studio 15
VisualStudioVersion = 15.0.28010.2048
MinimumVisualStudioVersion = 10.0.40219.1
Project("{FAE04EC0-301F-11D3-BF4B-00C04F79EFBC}") = "WindowsFormsApp1", "WindowsFormsApp1.csproj", "{43FFE732-AE45-49E4-8F4A-3E6A0646299C}"
EndProject
Project("{FAE04EC0-301F-11D3-BF4B-00C04F79EFBC}") = "CompanyTaskClass", "CompanyTaskClass\CompanyTaskClass.csproj", "{A9CDABCE-A3ED-4C66-A1DF-89929752106F}"
EndProject
Project("{FAE04EC0-301F-11D3-BF4B-00C04F79EFBC}") = "BaiChang", "..\..\BaiChang\BaiChang.csproj", "{E6420A1A-CE8D-4257-995B-9E6CB16709D5}"
EndProject
Global
	GlobalSection(SolutionConfigurationPlatforms) = preSolution
		Debug|Any CPU = Debug|Any CPU
		Release|Any CPU = Release|Any CPU
	EndGlobalSection
	GlobalSection(ProjectConfigurationPlatforms) = postSolution
		{43FFE732-AE45-49E4-8F4A-3E6A0646299C}.Debug|Any CPU.ActiveCfg = Debug|Any CPU
		{43FFE732-AE45-49E4-8F4A-3E6A0646299C}.Debug|Any CPU.Build.0 = Debug|Any CPU
		{43FFE732-AE45-49E4-8F4A-3E6A0646299C}.Release|Any CPU.ActiveCfg = Release|Any CPU
		{43FFE732-AE45-49E4-8F4A-3E6A0646299C}.Release|Any CPU.Build.0 = Release|Any CPU
		{A9CDABCE-A3ED-4C66-A1DF-89929752106F}.Debug|Any CPU.ActiveCfg = Debug|Any CPU
		{A9CDABCE-A3ED-4C66-A1DF-89929752106F}.Debug|Any CPU.Build.0 = Debug|Any CPU
		{A9CDABCE-A3ED-4C66-A1DF-89929752106F}.Release|Any CPU.ActiveCfg = Release|Any CPU
		{A9CDABCE-A3ED-4C66-A1DF-89929752106F}.Release|Any CPU.Build.0 = Release|Any CPU
		{E6420A1A-CE8D-4257-995B-9E6CB16709D5}.Debug|Any CPU.ActiveCfg = Debug|Any CPU
		{E6420A1A-CE8D-4257-995B-9E6CB16709D5}.Debug|Any CPU.Build.0 = Debug|Any CPU
		{E6420A1A-CE8D-4257-995B-9E6CB16709D5}.Release|Any CPU.ActiveCfg = Release|Any CPU
		{E6420A1A-CE8D-4257-995B-9E6CB16709D5}.Release|Any CPU.Build.0 = Release|Any CPU
	EndGlobalSection
	GlobalSection(SolutionProperties) = preSolution
		HideSolutionNode = FALSE
	EndGlobalSection
	GlobalSection(ExtensibilityGlobals) = postSolution
		SolutionGuid = {D07BA459-3BD5-4E62-BA99-3D02482384A2}
	EndGlobalSection
EndGlobal
